{
  "requires": true,
  "lockfileVersion": 1,
  "dependencies": {
    "fullcalendar": {
      "version": "5.8.0",
      "resolved": "https://registry.npmjs.org/fullcalendar/-/fullcalendar-5.8.0.tgz",
      "integrity": "sha512-yXHh9NA/cB3YIYQmD3Gj+rWmzL9lVAc4P6sTqJW/eMIkUZVhB8Qkyz96xArVsn90Jk/nAbZ0Opddl9RcoFN1Tg=="
    }
  }
}
